PODS:
  - EasyPeasy (1.8.0)
  - Kingfisher (5.13.3):
    - Kingfisher/Core (= 5.13.3)
  - Kingfisher/Core (5.13.3)
  - R.swift (7.2.4)
  - Realm (10.36.0):
    - Realm/Headers (= 10.36.0)
  - Realm/Headers (10.36.0)
  - RealmSwift (10.36.0):
    - Realm (= 10.36.0)
  - Then (3.0.0)

DEPENDENCIES:
  - EasyPeasy (= 1.8.0)
  - Kingfisher (= 5.13.3)
  - R.swift
  - RealmSwift
  - Then

SPEC REPOS:
  https://github.com/CocoaPods/Specs.git:
    - EasyPeasy
    - Kingfisher
    - R.swift
    - Realm
    - RealmSwift
    - Then

SPEC CHECKSUMS:
  EasyPeasy: bfffe5d47bbaaef3e32888c250a196768484b43a
  Kingfisher: d2b3d6a7200c93b34de9afcdf25c8dd9282ec277
  R.swift: 681bb9135f482e7a81d9d27445b837fef5467e11
  Realm: 3fd136cb4c83a927482a7f1612496d37beed3cf5
  RealmSwift: 513d4dcbf5bfc4d573454088b592685fc48dd716
  Then: 844265ae87834bbe1147d91d5d41a404da2ec27d

PODFILE CHECKSUM: 0bb4b1258517b059800ac3129342349e41a73ac9

COCOAPODS: 1.13.0
